
Microsoft Visual Studio Solution File, Format Version 12.00
# Visual Studio Version 16
VisualStudioVersion = 16.0.29920.165
MinimumVisualStudioVersion = 10.0.40219.1
Project("{D954291E-2A0B-460D-934E-DC6B0785DB48}") = "WPF", "..\DGUtilities\WPF\WPF.shproj", "{B341D789-0D1A-412F-AD2E-3D33620A71C3}"
EndProject
Project("{9A19103F-16F7-4668-BE54-9A1E7A4F7556}") = "DiegoG.Utilities.Common", "..\DGUtilities\DiegoG.Utilities.Common\DiegoG.Utilities.Common.csproj", "{55FC12BF-55E8-492C-A5CE-D7E1A8245603}"
EndProject
Project("{9A19103F-16F7-4668-BE54-9A1E7A4F7556}") = "DnDTools.Base", "DnDTools.Base\DnDTools.Base.csproj", "{A0F1A1C0-CFE5-4391-A075-42B238BBC082}"
EndProject
Project("{9A19103F-16F7-4668-BE54-9A1E7A4F7556}") = "DiegoG.CLI", "..\DGUtilities\DiegoG.CLI\DiegoG.CLI.csproj", "{083D8165-DC6D-4845-B8EA-F4EFD1CB7C4F}"
EndProject
Project("{9A19103F-16F7-4668-BE54-9A1E7A4F7556}") = "DnDTools.Desktop", "DnDTools.Desktop\DnDTools.Desktop.csproj", "{7112D692-B1CB-4E34-AE04-3C87A3856DFA}"
EndProject
Project("{9A19103F-16F7-4668-BE54-9A1E7A4F7556}") = "DnDTools.CLI", "DnDTools.CLI\DnDTools.CLI.csproj", "{618D7D48-2E17-435E-B441-A33589BB3408}"
EndProject
Project("{2150E333-8FDC-42A3-9474-1A3956D46DE8}") = "Solution Items", "Solution Items", "{DD1D76B2-1DAC-486E-A84D-3C0DB2F945F9}"
	ProjectSection(SolutionItems) = preProject
		.editorconfig = .editorconfig
	EndProjectSection
EndProject
Global
	GlobalSection(SharedMSBuildProjectFiles) = preSolution
		..\DGUtilities\WPF\WPF.projitems*{7112d692-b1cb-4e34-ae04-3c87a3856dfa}*SharedItemsImports = 5
		..\DGUtilities\WPF\WPF.projitems*{b341d789-0d1a-412f-ad2e-3d33620a71c3}*SharedItemsImports = 13
	EndGlobalSection
	GlobalSection(SolutionConfigurationPlatforms) = preSolution
		Debug|Any CPU = Debug|Any CPU
		Design|Any CPU = Design|Any CPU
		GUIDesign|Any CPU = GUIDesign|Any CPU
		Release|Any CPU = Release|Any CPU
	EndGlobalSection
	GlobalSection(ProjectConfigurationPlatforms) = postSolution
		{55FC12BF-55E8-492C-A5CE-D7E1A8245603}.Debug|Any CPU.ActiveCfg = Debug|Any CPU
		{55FC12BF-55E8-492C-A5CE-D7E1A8245603}.Debug|Any CPU.Build.0 = Debug|Any CPU
		{55FC12BF-55E8-492C-A5CE-D7E1A8245603}.Design|Any CPU.ActiveCfg = Debug|Any CPU
		{55FC12BF-55E8-492C-A5CE-D7E1A8245603}.Design|Any CPU.Build.0 = Debug|Any CPU
		{55FC12BF-55E8-492C-A5CE-D7E1A8245603}.GUIDesign|Any CPU.ActiveCfg = Debug|Any CPU
		{55FC12BF-55E8-492C-A5CE-D7E1A8245603}.GUIDesign|Any CPU.Build.0 = Debug|Any CPU
		{55FC12BF-55E8-492C-A5CE-D7E1A8245603}.Release|Any CPU.ActiveCfg = Release|Any CPU
		{55FC12BF-55E8-492C-A5CE-D7E1A8245603}.Release|Any CPU.Build.0 = Release|Any CPU
		{A0F1A1C0-CFE5-4391-A075-42B238BBC082}.Debug|Any CPU.ActiveCfg = Debug|Any CPU
		{A0F1A1C0-CFE5-4391-A075-42B238BBC082}.Debug|Any CPU.Build.0 = Debug|Any CPU
		{A0F1A1C0-CFE5-4391-A075-42B238BBC082}.Design|Any CPU.ActiveCfg = Debug|Any CPU
		{A0F1A1C0-CFE5-4391-A075-42B238BBC082}.Design|Any CPU.Build.0 = Debug|Any CPU
		{A0F1A1C0-CFE5-4391-A075-42B238BBC082}.GUIDesign|Any CPU.ActiveCfg = Debug|Any CPU
		{A0F1A1C0-CFE5-4391-A075-42B238BBC082}.GUIDesign|Any CPU.Build.0 = Debug|Any CPU
		{A0F1A1C0-CFE5-4391-A075-42B238BBC082}.Release|Any CPU.ActiveCfg = Release|Any CPU
		{A0F1A1C0-CFE5-4391-A075-42B238BBC082}.Release|Any CPU.Build.0 = Release|Any CPU
		{083D8165-DC6D-4845-B8EA-F4EFD1CB7C4F}.Debug|Any CPU.ActiveCfg = Debug|Any CPU
		{083D8165-DC6D-4845-B8EA-F4EFD1CB7C4F}.Debug|Any CPU.Build.0 = Debug|Any CPU
		{083D8165-DC6D-4845-B8EA-F4EFD1CB7C4F}.Design|Any CPU.ActiveCfg = Debug|Any CPU
		{083D8165-DC6D-4845-B8EA-F4EFD1CB7C4F}.Design|Any CPU.Build.0 = Debug|Any CPU
		{083D8165-DC6D-4845-B8EA-F4EFD1CB7C4F}.GUIDesign|Any CPU.ActiveCfg = Debug|Any CPU
		{083D8165-DC6D-4845-B8EA-F4EFD1CB7C4F}.GUIDesign|Any CPU.Build.0 = Debug|Any CPU
		{083D8165-DC6D-4845-B8EA-F4EFD1CB7C4F}.Release|Any CPU.ActiveCfg = Release|Any CPU
		{083D8165-DC6D-4845-B8EA-F4EFD1CB7C4F}.Release|Any CPU.Build.0 = Release|Any CPU
		{7112D692-B1CB-4E34-AE04-3C87A3856DFA}.Debug|Any CPU.ActiveCfg = Debug|Any CPU
		{7112D692-B1CB-4E34-AE04-3C87A3856DFA}.Debug|Any CPU.Build.0 = Debug|Any CPU
		{7112D692-B1CB-4E34-AE04-3C87A3856DFA}.Design|Any CPU.ActiveCfg = GUIDesign|Any CPU
		{7112D692-B1CB-4E34-AE04-3C87A3856DFA}.Design|Any CPU.Build.0 = GUIDesign|Any CPU
		{7112D692-B1CB-4E34-AE04-3C87A3856DFA}.GUIDesign|Any CPU.ActiveCfg = GUIDesign|Any CPU
		{7112D692-B1CB-4E34-AE04-3C87A3856DFA}.GUIDesign|Any CPU.Build.0 = GUIDesign|Any CPU
		{7112D692-B1CB-4E34-AE04-3C87A3856DFA}.Release|Any CPU.ActiveCfg = Release|Any CPU
		{7112D692-B1CB-4E34-AE04-3C87A3856DFA}.Release|Any CPU.Build.0 = Release|Any CPU
		{618D7D48-2E17-435E-B441-A33589BB3408}.Debug|Any CPU.ActiveCfg = Debug|Any CPU
		{618D7D48-2E17-435E-B441-A33589BB3408}.Debug|Any CPU.Build.0 = Debug|Any CPU
		{618D7D48-2E17-435E-B441-A33589BB3408}.Design|Any CPU.ActiveCfg = Debug|Any CPU
		{618D7D48-2E17-435E-B441-A33589BB3408}.Design|Any CPU.Build.0 = Debug|Any CPU
		{618D7D48-2E17-435E-B441-A33589BB3408}.GUIDesign|Any CPU.ActiveCfg = Debug|Any CPU
		{618D7D48-2E17-435E-B441-A33589BB3408}.GUIDesign|Any CPU.Build.0 = Debug|Any CPU
		{618D7D48-2E17-435E-B441-A33589BB3408}.Release|Any CPU.ActiveCfg = Release|Any CPU
		{618D7D48-2E17-435E-B441-A33589BB3408}.Release|Any CPU.Build.0 = Release|Any CPU
	EndGlobalSection
	GlobalSection(SolutionProperties) = preSolution
		HideSolutionNode = FALSE
	EndGlobalSection
	GlobalSection(ExtensibilityGlobals) = postSolution
		SolutionGuid = {B23F923D-9072-4650-A97B-47900CCE657E}
	EndGlobalSection
EndGlobal
